PODS:
  - PIPKit (0.1.0)
  - XCDYouTubeKit (2.7.3)

DEPENDENCIES:
  - PIPKit
  - XCDYouTubeKit

SPEC REPOS:
  https://github.com/cocoapods/specs.git:
    - PIPKit
    - XCDYouTubeKit

SPEC CHECKSUMS:
  PIPKit: bf6c7a1d8a16757a6800c36ae1f5fcb88d686408
  XCDYouTubeKit: 3f4fd3eb3ed494a46a8f007b91315eed6dd6df1f

PODFILE CHECKSUM: 7e208920e8c8c76a3e6433f160aea90aca5e0032

COCOAPODS: 1.5.3
