// !$*UTF8*$!
{
	archiveVersion = 1;
	classes = {
	};
	objectVersion = 50;
	objects = {

/* Begin PBXBuildFile section */
		19F7992921FD841200C30003 /* AppDelegate.swift in Sources */ = {isa = PBXBuildFile; fileRef = 19F7992821FD841200C30003 /* AppDelegate.swift */; };
		19F7992B21FD841200C30003 /* ViewController.swift in Sources */ = {isa = PBXBuildFile; fileRef = 19F7992A21FD841200C30003 /* ViewController.swift */; };
		19F7992E21FD841200C30003 /* Main.storyboard in Resources */ = {isa = PBXBuildFile; fileRef = 19F7992C21FD841200C30003 /* Main.storyboard */; };
		19F7993021FD841300C30003 /* Assets.xcassets in Resources */ = {isa = PBXBuildFile; fileRef = 19F7992F21FD841300C30003 /* Assets.xcassets */; };
		19F7993321FD841300C30003 /* LaunchScreen.storyboard in Resources */ = {isa = PBXBuildFile; fileRef = 19F7993121FD841300C30003 /* LaunchScreen.storyboard */; };
		19F7993C21FD8BD300C30003 /* PiPController.swift in Sources */ = {isa = PBXBuildFile; fileRef = 19F7993A21FD8BD300C30003 /* PiPController.swift */; };
		8C0B4A7CEE7BB396ADCA9B91 /* Pods_PiPYoutube.framework in Frameworks */ = {isa = PBXBuildFile; fileRef = F1CA82D0BB4E3172561912F1 /* Pods_PiPYoutube.framework */; };
/* End PBXBuildFile section */

/* Begin PBXFileReference section */
		19F7992521FD841200C30003 /* PiPYoutube.app */ = {isa = PBXFileReference; explicitFileType = wrapper.application; includeInIndex = 0; path = PiPYoutube.app; sourceTree = BUILT_PRODUCTS_DIR; };
		19F7992821FD841200C30003 /* AppDelegate.swift */ = {isa = PBXFileReference; lastKnownFileType = sourcecode.swift; path = AppDelegate.swift; sourceTree = "<group>"; };
		19F7992A21FD841200C30003 /* ViewController.swift */ = {isa = PBXFileReference; lastKnownFileType = sourcecode.swift; path = ViewController.swift; sourceTree = "<group>"; };
		19F7992D21FD841200C30003 /* Base */ = {isa = PBXFileReference; lastKnownFileType = file.storyboard; name = Base; path = Base.lproj/Main.storyboard; sourceTree = "<group>"; };
		19F7992F21FD841300C30003 /* Assets.xcassets */ = {isa = PBXFileReference; lastKnownFileType = folder.assetcatalog; path = Assets.xcassets; sourceTree = "<group>"; };
		19F7993221FD841300C30003 /* Base */ = {isa = PBXFileReference; lastKnownFileType = file.storyboard; name = Base; path = Base.lproj/LaunchScreen.storyboard; sourceTree = "<group>"; };
		19F7993421FD841300C30003 /* Info.plist */ = {isa = PBXFileReference; lastKnownFileType = text.plist.xml; path = Info.plist; sourceTree = "<group>"; };
		19F7993A21FD8BD300C30003 /* PiPController.swift */ = {isa = PBXFileReference; lastKnownFileType = sourcecode.swift; path = PiPController.swift; sourceTree = "<group>"; };
		42CDBC1C3AC7D1DCD34ACABA /* Pods-PiPYoutube.debug.xcconfig */ = {isa = PBXFileReference; includeInIndex = 1; lastKnownFileType = text.xcconfig; name = "Pods-PiPYoutube.debug.xcconfig"; path = "Pods/Target Support Files/Pods-PiPYoutube/Pods-PiPYoutube.debug.xcconfig"; sourceTree = "<group>"; };
		A46C34A1963C061B32D54BBD /* Pods-PiPYoutube.release.xcconfig */ = {isa = PBXFileReference; includeInIndex = 1; lastKnownFileType = text.xcconfig; name = "Pods-PiPYoutube.release.xcconfig"; path = "Pods/Target Support Files/Pods-PiPYoutube/Pods-PiPYoutube.release.xcconfig"; sourceTree = "<group>"; };
		F1CA82D0BB4E3172561912F1 /* Pods_PiPYoutube.framework */ = {isa = PBXFileReference; explicitFileType = wrapper.framework; includeInIndex = 0; path = Pods_PiPYoutube.framework; sourceTree = BUILT_PRODUCTS_DIR; };
/* End PBXFileReference section */

/* Begin PBXFrameworksBuildPhase section */
		19F7992221FD841200C30003 /* Frameworks */ = {
			isa = PBXFrameworksBuildPhase;
			buildActionMask = 2147483647;
			files = (
				8C0B4A7CEE7BB396ADCA9B91 /* Pods_PiPYoutube.framework in Frameworks */,
			);
			runOnlyForDeploymentPostprocessing = 0;
		};
/* End PBXFrameworksBuildPhase section */

/* Begin PBXGroup section */
		19F7991C21FD841200C30003 = {
			isa = PBXGroup;
			children = (
				19F7992721FD841200C30003 /* PiPYoutube */,
				19F7992621FD841200C30003 /* Products */,
				F24CBA2FD3482B129A26FF95 /* Pods */,
				221AC21A5F5D403D1AD5A27D /* Frameworks */,
			);
			sourceTree = "<group>";
		};
		19F7992621FD841200C30003 /* Products */ = {
			isa = PBXGroup;
			children = (
				19F7992521FD841200C30003 /* PiPYoutube.app */,
			);
			name = Products;
			sourceTree = "<group>";
		};
		19F7992721FD841200C30003 /* PiPYoutube */ = {
			isa = PBXGroup;
			children = (
				19F7992821FD841200C30003 /* AppDelegate.swift */,
				19F7992A21FD841200C30003 /* ViewController.swift */,
				19F7993A21FD8BD300C30003 /* PiPController.swift */,
				19F7992C21FD841200C30003 /* Main.storyboard */,
				19F7992F21FD841300C30003 /* Assets.xcassets */,
				19F7993121FD841300C30003 /* LaunchScreen.storyboard */,
				19F7993421FD841300C30003 /* Info.plist */,
			);
			path = PiPYoutube;
			sourceTree = "<group>";
		};
		221AC21A5F5D403D1AD5A27D /* Frameworks */ = {
			isa = PBXGroup;
			children = (
				F1CA82D0BB4E3172561912F1 /* Pods_PiPYoutube.framework */,
			);
			name = Frameworks;
			sourceTree = "<group>";
		};
		F24CBA2FD3482B129A26FF95 /* Pods */ = {
			isa = PBXGroup;
			children = (
				42CDBC1C3AC7D1DCD34ACABA /* Pods-PiPYoutube.debug.xcconfig */,
				A46C34A1963C061B32D54BBD /* Pods-PiPYoutube.release.xcconfig */,
			);
			name = Pods;
			sourceTree = "<group>";
		};
/* End PBXGroup section */

/* Begin PBXNativeTarget section */
		19F7992421FD841200C30003 /* PiPYoutube */ = {
			isa = PBXNativeTarget;
			buildConfigurationList = 19F7993721FD841300C30003 /* Build configuration list for PBXNativeTarget "PiPYoutube" */;
			buildPhases = (
				041385F42D3AED01D6FDEA80 /* [CP] Check Pods Manifest.lock */,
				19F7992121FD841200C30003 /* Sources */,
				19F7992221FD841200C30003 /* Frameworks */,
				19F7992321FD841200C30003 /* Resources */,
				0FF64F9F97C7611E5491596D /* [CP] Embed Pods Frameworks */,
			);
			buildRules = (
			);
			dependencies = (
			);
			name = PiPYoutube;
			productName = PiPYoutube;
			productReference = 19F7992521FD841200C30003 /* PiPYoutube.app */;
			productType = "com.apple.product-type.application";
		};
/* End PBXNativeTarget section */

/* Begin PBXProject section */
		19F7991D21FD841200C30003 /* Project object */ = {
			isa = PBXProject;
			attributes = {
				LastSwiftUpdateCheck = 1010;
				LastUpgradeCheck = 1010;
				ORGANIZATIONNAME = "Sanket Ray";
				TargetAttributes = {
					19F7992421FD841200C30003 = {
						CreatedOnToolsVersion = 10.1;
					};
				};
			};
			buildConfigurationList = 19F7992021FD841200C30003 /* Build configuration list for PBXProject "PiPYoutube" */;
			compatibilityVersion = "Xcode 9.3";
			developmentRegion = en;
			hasScannedForEncodings = 0;
			knownRegions = (
				en,
				Base,
			);
			mainGroup = 19F7991C21FD841200C30003;
			productRefGroup = 19F7992621FD841200C30003 /* Products */;
			projectDirPath = "";
			projectRoot = "";
			targets = (
				19F7992421FD841200C30003 /* PiPYoutube */,
			);
		};
/* End PBXProject section */

/* Begin PBXResourcesBuildPhase section */
		19F7992321FD841200C30003 /* Resources */ = {
			isa = PBXResourcesBuildPhase;
			buildActionMask = 2147483647;
			files = (
				19F7993321FD841300C30003 /* LaunchScreen.storyboard in Resources */,
				19F7993021FD841300C30003 /* Assets.xcassets in Resources */,
				19F7992E21FD841200C30003 /* Main.storyboard in Resources */,
			);
			runOnlyForDeploymentPostprocessing = 0;
		};
/* End PBXResourcesBuildPhase section */

/* Begin PBXShellScriptBuildPhase section */
		041385F42D3AED01D6FDEA80 /* [CP] Check Pods Manifest.lock */ = {
			isa = PBXShellScriptBuildPhase;
			buildActionMask = 2147483647;
			files = (
			);
			inputPaths = (
				"${PODS_PODFILE_DIR_PATH}/Podfile.lock",
				"${PODS_ROOT}/Manifest.lock",
			);
			name = "[CP] Check Pods Manifest.lock";
			outputPaths = (
				"$(DERIVED_FILE_DIR)/Pods-PiPYoutube-checkManifestLockResult.txt",
			);
			runOnlyForDeploymentPostprocessing = 0;
			shellPath = /bin/sh;
			shellScript = "diff \"${PODS_PODFILE_DIR_PATH}/Podfile.lock\" \"${PODS_ROOT}/Manifest.lock\" > /dev/null\nif [ $? != 0 ] ; then\n    # print error to STDERR\n    echo \"error: The sandbox is not in sync with the Podfile.lock. Run 'pod install' or update your CocoaPods installation.\" >&2\n    exit 1\nfi\n# This output is used by Xcode 'outputs' to avoid re-running this script phase.\necho \"SUCCESS\" > \"${SCRIPT_OUTPUT_FILE_0}\"\n";
			showEnvVarsInLog = 0;
		};
		0FF64F9F97C7611E5491596D /* [CP] Embed Pods Frameworks */ = {
			isa = PBXShellScriptBuildPhase;
			buildActionMask = 2147483647;
			files = (
			);
			inputPaths = (
				"${SRCROOT}/Pods/Target Support Files/Pods-PiPYoutube/Pods-PiPYoutube-frameworks.sh",
				"${BUILT_PRODUCTS_DIR}/PIPKit/PIPKit.framework",
				"${BUILT_PRODUCTS_DIR}/XCDYouTubeKit/XCDYouTubeKit.framework",
			);
			name = "[CP] Embed Pods Frameworks";
			outputPaths = (
				"${TARGET_BUILD_DIR}/${FRAMEWORKS_FOLDER_PATH}/PIPKit.framework",
				"${TARGET_BUILD_DIR}/${FRAMEWORKS_FOLDER_PATH}/XCDYouTubeKit.framework",
			);
			runOnlyForDeploymentPostprocessing = 0;
			shellPath = /bin/sh;
			shellScript = "\"${SRCROOT}/Pods/Target Support Files/Pods-PiPYoutube/Pods-PiPYoutube-frameworks.sh\"\n";
			showEnvVarsInLog = 0;
		};
/* End PBXShellScriptBuildPhase section */

/* Begin PBXSourcesBuildPhase section */
		19F7992121FD841200C30003 /* Sources */ = {
			isa = PBXSourcesBuildPhase;
			buildActionMask = 2147483647;
			files = (
				19F7992B21FD841200C30003 /* ViewController.swift in Sources */,
				19F7993C21FD8BD300C30003 /* PiPController.swift in Sources */,
				19F7992921FD841200C30003 /* AppDelegate.swift in Sources */,
			);
			runOnlyForDeploymentPostprocessing = 0;
		};
/* End PBXSourcesBuildPhase section */

/* Begin PBXVariantGroup section */
		19F7992C21FD841200C30003 /* Main.storyboard */ = {
			isa = PBXVariantGroup;
			children = (
				19F7992D21FD841200C30003 /* Base */,
			);
			name = Main.storyboard;
			sourceTree = "<group>";
		};
		19F7993121FD841300C30003 /* LaunchScreen.storyboard */ = {
			isa = PBXVariantGroup;
			children = (
				19F7993221FD841300C30003 /* Base */,
			);
			name = LaunchScreen.storyboard;
			sourceTree = "<group>";
		};
/* End PBXVariantGroup section */

/* Begin XCBuildConfiguration section */
		19F7993521FD841300C30003 /* Debug */ = {
			isa = XCBuildConfiguration;
			buildSettings = {
				ALWAYS_SEARCH_USER_PATHS = NO;
				CLANG_ANALYZER_NONNULL = YES;
				CLANG_ANALYZER_NUMBER_OBJECT_CONVERSION = YES_AGGRESSIVE;
				CLANG_CXX_LANGUAGE_STANDARD = "gnu++14";
				CLANG_CXX_LIBRARY = "libc++";
				CLANG_ENABLE_MODULES = YES;
				CLANG_ENABLE_OBJC_ARC = YES;
				CLANG_ENABLE_OBJC_WEAK = YES;
				CLANG_WARN_BLOCK_CAPTURE_AUTORELEASING = YES;
				CLANG_WARN_BOOL_CONVERSION = YES;
				CLANG_WARN_COMMA = YES;
				CLANG_WARN_CONSTANT_CONVERSION = YES;
				CLANG_WARN_DEPRECATED_OBJC_IMPLEMENTATIONS = YES;
				CLANG_WARN_DIRECT_OBJC_ISA_USAGE = YES_ERROR;
				CLANG_WARN_DOCUMENTATION_COMMENTS = YES;
				CLANG_WARN_EMPTY_BODY = YES;
				CLANG_WARN_ENUM_CONVERSION = YES;
				CLANG_WARN_INFINITE_RECURSION = YES;
				CLANG_WARN_INT_CONVERSION = YES;
				CLANG_WARN_NON_LITERAL_NULL_CONVERSION = YES;
				CLANG_WARN_OBJC_IMPLICIT_RETAIN_SELF = YES;
				CLANG_WARN_OBJC_LITERAL_CONVERSION = YES;
				CLANG_WARN_OBJC_ROOT_CLASS = YES_ERROR;
				CLANG_WARN_RANGE_LOOP_ANALYSIS = YES;
				CLANG_WARN_STRICT_PROTOTYPES = YES;
				CLANG_WARN_SUSPICIOUS_MOVE = YES;
				CLANG_WARN_UNGUARDED_AVAILABILITY = YES_AGGRESSIVE;
				CLANG_WARN_UNREACHABLE_CODE = YES;
				CLANG_WARN__DUPLICATE_METHOD_MATCH = YES;
				CODE_SIGN_IDENTITY = "iPhone Developer";
				COPY_PHASE_STRIP = NO;
				DEBUG_INFORMATION_FORMAT = dwarf;
				ENABLE_STRICT_OBJC_MSGSEND = YES;
				ENABLE_TESTABILITY = YES;
				GCC_C_LANGUAGE_STANDARD = gnu11;
				GCC_DYNAMIC_NO_PIC = NO;
				GCC_NO_COMMON_BLOCKS = YES;
				GCC_OPTIMIZATION_LEVEL = 0;
				GCC_PREPROCESSOR_DEFINITIONS = (
					"DEBUG=1",
					"$(inherited)",
				);
				GCC_WARN_64_TO_32_BIT_CONVERSION = YES;
				GCC_WARN_ABOUT_RETURN_TYPE = YES_ERROR;
				GCC_WARN_UNDECLARED_SELECTOR = YES;
				GCC_WARN_UNINITIALIZED_AUTOS = YES_AGGRESSIVE;
				GCC_WARN_UNUSED_FUNCTION = YES;
				GCC_WARN_UNUSED_VARIABLE = YES;
				IPHONEOS_DEPLOYMENT_TARGET = 12.1;
				MTL_ENABLE_DEBUG_INFO = INCLUDE_SOURCE;
				MTL_FAST_MATH = YES;
				ONLY_ACTIVE_ARCH = YES;
				SDKROOT = iphoneos;
				SWIFT_ACTIVE_COMPILATION_CONDITIONS = DEBUG;
				SWIFT_OPTIMIZATION_LEVEL = "-Onone";
			};
			name = Debug;
		};
		19F7993621FD841300C30003 /* Release */ = {
			isa = XCBuildConfiguration;
			buildSettings = {
				ALWAYS_SEARCH_USER_PATHS = NO;
				CLANG_ANALYZER_NONNULL = YES;
				CLANG_ANALYZER_NUMBER_OBJECT_CONVERSION = YES_AGGRESSIVE;
				CLANG_CXX_LANGUAGE_STANDARD = "gnu++14";
				CLANG_CXX_LIBRARY = "libc++";
				CLANG_ENABLE_MODULES = YES;
				CLANG_ENABLE_OBJC_ARC = YES;
				CLANG_ENABLE_OBJC_WEAK = YES;
				CLANG_WARN_BLOCK_CAPTURE_AUTORELEASING = YES;
				CLANG_WARN_BOOL_CONVERSION = YES;
				CLANG_WARN_COMMA = YES;
				CLANG_WARN_CONSTANT_CONVERSION = YES;
				CLANG_WARN_DEPRECATED_OBJC_IMPLEMENTATIONS = YES;
				CLANG_WARN_DIRECT_OBJC_ISA_USAGE = YES_ERROR;
				CLANG_WARN_DOCUMENTATION_COMMENTS = YES;
				CLANG_WARN_EMPTY_BODY = YES;
				CLANG_WARN_ENUM_CONVERSION = YES;
				CLANG_WARN_INFINITE_RECURSION = YES;
				CLANG_WARN_INT_CONVERSION = YES;
				CLANG_WARN_NON_LITERAL_NULL_CONVERSION = YES;
				CLANG_WARN_OBJC_IMPLICIT_RETAIN_SELF = YES;
				CLANG_WARN_OBJC_LITERAL_CONVERSION = YES;
				CLANG_WARN_OBJC_ROOT_CLASS = YES_ERROR;
				CLANG_WARN_RANGE_LOOP_ANALYSIS = YES;
				CLANG_WARN_STRICT_PROTOTYPES = YES;
				CLANG_WARN_SUSPICIOUS_MOVE = YES;
				CLANG_WARN_UNGUARDED_AVAILABILITY = YES_AGGRESSIVE;
				CLANG_WARN_UNREACHABLE_CODE = YES;
				CLANG_WARN__DUPLICATE_METHOD_MATCH = YES;
				CODE_SIGN_IDENTITY = "iPhone Developer";
				COPY_PHASE_STRIP = NO;
				DEBUG_INFORMATION_FORMAT = "dwarf-with-dsym";
				ENABLE_NS_ASSERTIONS = NO;
				ENABLE_STRICT_OBJC_MSGSEND = YES;
				GCC_C_LANGUAGE_STANDARD = gnu11;
				GCC_NO_COMMON_BLOCKS = YES;
				GCC_WARN_64_TO_32_BIT_CONVERSION = YES;
				GCC_WARN_ABOUT_RETURN_TYPE = YES_ERROR;
				GCC_WARN_UNDECLARED_SELECTOR = YES;
				GCC_WARN_UNINITIALIZED_AUTOS = YES_AGGRESSIVE;
				GCC_WARN_UNUSED_FUNCTION = YES;
				GCC_WARN_UNUSED_VARIABLE = YES;
				IPHONEOS_DEPLOYMENT_TARGET = 12.1;
				MTL_ENABLE_DEBUG_INFO = NO;
				MTL_FAST_MATH = YES;
				SDKROOT = iphoneos;
				SWIFT_COMPILATION_MODE = wholemodule;
				SWIFT_OPTIMIZATION_LEVEL = "-O";
				VALIDATE_PRODUCT = YES;
			};
			name = Release;
		};
		19F7993821FD841300C30003 /* Debug */ = {
			isa = XCBuildConfiguration;
			baseConfigurationReference = 42CDBC1C3AC7D1DCD34ACABA /* Pods-PiPYoutube.debug.xcconfig */;
			buildSettings = {
				ASSETCATALOG_COMPILER_APPICON_NAME = AppIcon;
				CODE_SIGN_STYLE = Automatic;
				DEVELOPMENT_TEAM = J4H33JVA49;
				INFOPLIST_FILE = PiPYoutube/Info.plist;
				LD_RUNPATH_SEARCH_PATHS = (
					"$(inherited)",
					"@executable_path/Frameworks",
				);
				PRODUCT_BUNDLE_IDENTIFIER = Chingel.PiPYoutube;
				PRODUCT_NAME = "$(TARGET_NAME)";
				SWIFT_VERSION = 4.2;
				TARGETED_DEVICE_FAMILY = "1,2";
			};
			name = Debug;
		};
		19F7993921FD841300C30003 /* Release */ = {
			isa = XCBuildConfiguration;
			baseConfigurationReference = A46C34A1963C061B32D54BBD /* Pods-PiPYoutube.release.xcconfig */;
			buildSettings = {
				ASSETCATALOG_COMPILER_APPICON_NAME = AppIcon;
				CODE_SIGN_STYLE = Automatic;
				DEVELOPMENT_TEAM = J4H33JVA49;
				INFOPLIST_FILE = PiPYoutube/Info.plist;
				LD_RUNPATH_SEARCH_PATHS = (
					"$(inherited)",
					"@executable_path/Frameworks",
				);
				PRODUCT_BUNDLE_IDENTIFIER = Chingel.PiPYoutube;
				PRODUCT_NAME = "$(TARGET_NAME)";
				SWIFT_VERSION = 4.2;
				TARGETED_DEVICE_FAMILY = "1,2";
			};
			name = Release;
		};
/* End XCBuildConfiguration section */

/* Begin XCConfigurationList section */
		19F7992021FD841200C30003 /* Build configuration list for PBXProject "PiPYoutube" */ = {
			isa = XCConfigurationList;
			buildConfigurations = (
				19F7993521FD841300C30003 /* Debug */,
				19F7993621FD841300C30003 /* Release */,
			);
			defaultConfigurationIsVisible = 0;
			defaultConfigurationName = Release;
		};
		19F7993721FD841300C30003 /* Build configuration list for PBXNativeTarget "PiPYoutube" */ = {
			isa = XCConfigurationList;
			buildConfigurations = (
				19F7993821FD841300C30003 /* Debug */,
				19F7993921FD841300C30003 /* Release */,
			);
			defaultConfigurationIsVisible = 0;
			defaultConfigurationName = Release;
		};
/* End XCConfigurationList section */
	};
	rootObject = 19F7991D21FD841200C30003 /* Project object */;
}
